// !$*UTF8*$!
{
	archiveVersion = 1;
	classes = {
	};
	objectVersion = 48;
	objects = {

/* Begin PBXBuildFile section */
		5417F88F3B828427BDE04EBA /* Pods_Cameracamera.framework in Frameworks */ = {isa = PBXBuildFile; fileRef = E30227C38ED37AD6D874CB78 /* Pods_Cameracamera.framework */; };
		A71853981F4FB5C7006269CC /* ModelInteractionsProtocol.swift in Sources */ = {isa = PBXBuildFile; fileRef = A71853971F4FB5C7006269CC /* ModelInteractionsProtocol.swift */; };
		A718539A1F4FB5FD006269CC /* ViewModelInteractionsProtocol.swift in Sources */ = {isa = PBXBuildFile; fileRef = A71853991F4FB5FD006269CC /* ViewModelInteractionsProtocol.swift */; };
		A724E8141F425B30001649CA /* ViewModel.swift in Sources */ = {isa = PBXBuildFile; fileRef = A724E8131F425B30001649CA /* ViewModel.swift */; };
		A725B2FD1F4A7A910027B153 /* AlertWindow.swift in Sources */ = {isa = PBXBuildFile; fileRef = A725B2FC1F4A7A910027B153 /* AlertWindow.swift */; };
		A74698791F5BAA1200DB18A3 /* AVCapturePreviewProtocols.swift in Sources */ = {isa = PBXBuildFile; fileRef = A74698781F5BAA1200DB18A3 /* AVCapturePreviewProtocols.swift */; };
		A755B4FD1F3A37CB003DB962 /* AppDelegate.swift in Sources */ = {isa = PBXBuildFile; fileRef = A755B4FC1F3A37CB003DB962 /* AppDelegate.swift */; };
		A755B4FF1F3A37CB003DB962 /* ViewController.swift in Sources */ = {isa = PBXBuildFile; fileRef = A755B4FE1F3A37CB003DB962 /* ViewController.swift */; };
		A755B5021F3A37CB003DB962 /* Main.storyboard in Resources */ = {isa = PBXBuildFile; fileRef = A755B5001F3A37CB003DB962 /* Main.storyboard */; };
		A755B5051F3A37CB003DB962 /* Cameracamera.xcdatamodeld in Sources */ = {isa = PBXBuildFile; fileRef = A755B5031F3A37CB003DB962 /* Cameracamera.xcdatamodeld */; };
		A755B5071F3A37CB003DB962 /* Assets.xcassets in Resources */ = {isa = PBXBuildFile; fileRef = A755B5061F3A37CB003DB962 /* Assets.xcassets */; };
		A755B50A1F3A37CB003DB962 /* LaunchScreen.storyboard in Resources */ = {isa = PBXBuildFile; fileRef = A755B5081F3A37CB003DB962 /* LaunchScreen.storyboard */; };
		A755B5151F3A37CB003DB962 /* ViewControllerTests.swift in Sources */ = {isa = PBXBuildFile; fileRef = A755B5141F3A37CB003DB962 /* ViewControllerTests.swift */; };
		A755B5201F3A37CB003DB962 /* CameracameraUITests.swift in Sources */ = {isa = PBXBuildFile; fileRef = A755B51F1F3A37CB003DB962 /* CameracameraUITests.swift */; };
		A75EA5501F50D35D004D42D1 /* Constants.swift in Sources */ = {isa = PBXBuildFile; fileRef = A75EA54F1F50D35D004D42D1 /* Constants.swift */; };
		A76ED2AA1F3BC07B00C2446A /* Model.swift in Sources */ = {isa = PBXBuildFile; fileRef = A76ED2A91F3BC07B00C2446A /* Model.swift */; };
		A7B53C101F4F393300AE05E2 /* ViewModelTests.swift in Sources */ = {isa = PBXBuildFile; fileRef = A7B53C0F1F4F393300AE05E2 /* ViewModelTests.swift */; };
		A7B53C121F4F962800AE05E2 /* Bond.framework in Frameworks */ = {isa = PBXBuildFile; fileRef = A7B53C111F4F962800AE05E2 /* Bond.framework */; };
		A7B94C711F5CE970001F2D5D /* Mocks.swift in Sources */ = {isa = PBXBuildFile; fileRef = A7B94C701F5CE970001F2D5D /* Mocks.swift */; };
		A7DD42D81F5886BC00E97073 /* DetectedObjectOutline.swift in Sources */ = {isa = PBXBuildFile; fileRef = A7DD42D71F5886BC00E97073 /* DetectedObjectOutline.swift */; };
		A7F8AABD1F5C0C590052B036 /* Bond.framework in Frameworks */ = {isa = PBXBuildFile; fileRef = A7B53C111F4F962800AE05E2 /* Bond.framework */; settings = {ATTRIBUTES = (Required, ); }; };
/* End PBXBuildFile section */

/* Begin PBXContainerItemProxy section */
		A755B5111F3A37CB003DB962 /* PBXContainerItemProxy */ = {
			isa = PBXContainerItemProxy;
			containerPortal = A755B4F11F3A37CA003DB962 /* Project object */;
			proxyType = 1;
			remoteGlobalIDString = A755B4F81F3A37CB003DB962;
			remoteInfo = Cameracamera;
		};
		A755B51C1F3A37CB003DB962 /* PBXContainerItemProxy */ = {
			isa = PBXContainerItemProxy;
			containerPortal = A755B4F11F3A37CA003DB962 /* Project object */;
			proxyType = 1;
			remoteGlobalIDString = A755B4F81F3A37CB003DB962;
			remoteInfo = Cameracamera;
		};
/* End PBXContainerItemProxy section */

/* Begin PBXFileReference section */
		2418BA348F3829E61340BA44 /* Pods-Cameracamera.release.xcconfig */ = {isa = PBXFileReference; includeInIndex = 1; lastKnownFileType = text.xcconfig; name = "Pods-Cameracamera.release.xcconfig"; path = "Pods/Target Support Files/Pods-Cameracamera/Pods-Cameracamera.release.xcconfig"; sourceTree = "<group>"; };
		91321786F397197D8E6FE6C5 /* Pods-Cameracamera.debug.xcconfig */ = {isa = PBXFileReference; includeInIndex = 1; lastKnownFileType = text.xcconfig; name = "Pods-Cameracamera.debug.xcconfig"; path = "Pods/Target Support Files/Pods-Cameracamera/Pods-Cameracamera.debug.xcconfig"; sourceTree = "<group>"; };
		A71853971F4FB5C7006269CC /* ModelInteractionsProtocol.swift */ = {isa = PBXFileReference; fileEncoding = 4; lastKnownFileType = sourcecode.swift; path = ModelInteractionsProtocol.swift; sourceTree = "<group>"; };
		A71853991F4FB5FD006269CC /* ViewModelInteractionsProtocol.swift */ = {isa = PBXFileReference; fileEncoding = 4; lastKnownFileType = sourcecode.swift; path = ViewModelInteractionsProtocol.swift; sourceTree = "<group>"; };
		A724E8131F425B30001649CA /* ViewModel.swift */ = {isa = PBXFileReference; fileEncoding = 4; lastKnownFileType = sourcecode.swift; path = ViewModel.swift; sourceTree = "<group>"; };
		A725B2FC1F4A7A910027B153 /* AlertWindow.swift */ = {isa = PBXFileReference; fileEncoding = 4; lastKnownFileType = sourcecode.swift; path = AlertWindow.swift; sourceTree = "<group>"; };
		A74698781F5BAA1200DB18A3 /* AVCapturePreviewProtocols.swift */ = {isa = PBXFileReference; fileEncoding = 4; lastKnownFileType = sourcecode.swift; path = AVCapturePreviewProtocols.swift; sourceTree = "<group>"; };
		A755B4F91F3A37CB003DB962 /* Cameracamera.app */ = {isa = PBXFileReference; explicitFileType = wrapper.application; includeInIndex = 0; path = Cameracamera.app; sourceTree = BUILT_PRODUCTS_DIR; };
		A755B4FC1F3A37CB003DB962 /* AppDelegate.swift */ = {isa = PBXFileReference; lastKnownFileType = sourcecode.swift; path = AppDelegate.swift; sourceTree = "<group>"; };
		A755B4FE1F3A37CB003DB962 /* ViewController.swift */ = {isa = PBXFileReference; lastKnownFileType = sourcecode.swift; path = ViewController.swift; sourceTree = "<group>"; };
		A755B5011F3A37CB003DB962 /* Base */ = {isa = PBXFileReference; lastKnownFileType = file.storyboard; name = Base; path = Base.lproj/Main.storyboard; sourceTree = "<group>"; };
		A755B5041F3A37CB003DB962 /* Cameracamera.xcdatamodel */ = {isa = PBXFileReference; lastKnownFileType = wrapper.xcdatamodel; path = Cameracamera.xcdatamodel; sourceTree = "<group>"; };
		A755B5061F3A37CB003DB962 /* Assets.xcassets */ = {isa = PBXFileReference; lastKnownFileType = folder.assetcatalog; path = Assets.xcassets; sourceTree = "<group>"; };
		A755B5091F3A37CB003DB962 /* Base */ = {isa = PBXFileReference; lastKnownFileType = file.storyboard; name = Base; path = Base.lproj/LaunchScreen.storyboard; sourceTree = "<group>"; };
		A755B50B1F3A37CB003DB962 /* Info.plist */ = {isa = PBXFileReference; lastKnownFileType = text.plist.xml; path = Info.plist; sourceTree = "<group>"; };
		A755B5101F3A37CB003DB962 /* CameracameraTests.xctest */ = {isa = PBXFileReference; explicitFileType = wrapper.cfbundle; includeInIndex = 0; path = CameracameraTests.xctest; sourceTree = BUILT_PRODUCTS_DIR; };
		A755B5141F3A37CB003DB962 /* ViewControllerTests.swift */ = {isa = PBXFileReference; lastKnownFileType = sourcecode.swift; path = ViewControllerTests.swift; sourceTree = "<group>"; };
		A755B5161F3A37CB003DB962 /* Info.plist */ = {isa = PBXFileReference; lastKnownFileType = text.plist.xml; path = Info.plist; sourceTree = "<group>"; };
		A755B51B1F3A37CB003DB962 /* CameracameraUITests.xctest */ = {isa = PBXFileReference; explicitFileType = wrapper.cfbundle; includeInIndex = 0; path = CameracameraUITests.xctest; sourceTree = BUILT_PRODUCTS_DIR; };
		A755B51F1F3A37CB003DB962 /* CameracameraUITests.swift */ = {isa = PBXFileReference; lastKnownFileType = sourcecode.swift; path = CameracameraUITests.swift; sourceTree = "<group>"; };
		A755B5211F3A37CB003DB962 /* Info.plist */ = {isa = PBXFileReference; lastKnownFileType = text.plist.xml; path = Info.plist; sourceTree = "<group>"; };
		A75EA54F1F50D35D004D42D1 /* Constants.swift */ = {isa = PBXFileReference; fileEncoding = 4; lastKnownFileType = sourcecode.swift; name = Constants.swift; path = ../Constants.swift; sourceTree = "<group>"; };
		A76ED2A91F3BC07B00C2446A /* Model.swift */ = {isa = PBXFileReference; fileEncoding = 4; lastKnownFileType = sourcecode.swift; path = Model.swift; sourceTree = "<group>"; };
		A7B53C0F1F4F393300AE05E2 /* ViewModelTests.swift */ = {isa = PBXFileReference; fileEncoding = 4; lastKnownFileType = sourcecode.swift; path = ViewModelTests.swift; sourceTree = "<group>"; };
		A7B53C111F4F962800AE05E2 /* Bond.framework */ = {isa = PBXFileReference; lastKnownFileType = wrapper.framework; name = Bond.framework; path = "DerivedData/Cameracamera/Build/Products/Debug-iphoneos/Bond/Bond.framework"; sourceTree = "<group>"; };
		A7B94C701F5CE970001F2D5D /* Mocks.swift */ = {isa = PBXFileReference; fileEncoding = 4; lastKnownFileType = sourcecode.swift; path = Mocks.swift; sourceTree = "<group>"; };
		A7DD42D71F5886BC00E97073 /* DetectedObjectOutline.swift */ = {isa = PBXFileReference; fileEncoding = 4; lastKnownFileType = sourcecode.swift; path = DetectedObjectOutline.swift; sourceTree = "<group>"; };
		E30227C38ED37AD6D874CB78 /* Pods_Cameracamera.framework */ = {isa = PBXFileReference; explicitFileType = wrapper.framework; includeInIndex = 0; path = Pods_Cameracamera.framework; sourceTree = BUILT_PRODUCTS_DIR; };
/* End PBXFileReference section */

/* Begin PBXFrameworksBuildPhase section */
		A755B4F61F3A37CB003DB962 /* Frameworks */ = {
			isa = PBXFrameworksBuildPhase;
			buildActionMask = 2147483647;
			files = (
				5417F88F3B828427BDE04EBA /* Pods_Cameracamera.framework in Frameworks */,
				A7F8AABD1F5C0C590052B036 /* Bond.framework in Frameworks */,
			);
			runOnlyForDeploymentPostprocessing = 0;
		};
		A755B50D1F3A37CB003DB962 /* Frameworks */ = {
			isa = PBXFrameworksBuildPhase;
			buildActionMask = 2147483647;
			files = (
				A7B53C121F4F962800AE05E2 /* Bond.framework in Frameworks */,
			);
			runOnlyForDeploymentPostprocessing = 0;
		};
		A755B5181F3A37CB003DB962 /* Frameworks */ = {
			isa = PBXFrameworksBuildPhase;
			buildActionMask = 2147483647;
			files = (
			);
			runOnlyForDeploymentPostprocessing = 0;
		};
/* End PBXFrameworksBuildPhase section */

/* Begin PBXGroup section */
		A725B2F91F48E09D0027B153 /* ViewController */ = {
			isa = PBXGroup;
			children = (
				A755B4FE1F3A37CB003DB962 /* ViewController.swift */,
				A74698781F5BAA1200DB18A3 /* AVCapturePreviewProtocols.swift */,
				A725B2FC1F4A7A910027B153 /* AlertWindow.swift */,
			);
			name = ViewController;
			sourceTree = "<group>";
		};
		A725B2FA1F48E0A50027B153 /* ViewModel */ = {
			isa = PBXGroup;
			children = (
				A7DD42D71F5886BC00E97073 /* DetectedObjectOutline.swift */,
				A724E8131F425B30001649CA /* ViewModel.swift */,
				A71853991F4FB5FD006269CC /* ViewModelInteractionsProtocol.swift */,
			);
			name = ViewModel;
			sourceTree = "<group>";
		};
		A725B2FB1F48E0AD0027B153 /* Model */ = {
			isa = PBXGroup;
			children = (
				A76ED2A91F3BC07B00C2446A /* Model.swift */,
				A71853971F4FB5C7006269CC /* ModelInteractionsProtocol.swift */,
			);
			name = Model;
			sourceTree = "<group>";
		};
		A755B4F01F3A37CA003DB962 = {
			isa = PBXGroup;
			children = (
				A755B4FB1F3A37CB003DB962 /* Cameracamera */,
				A755B5131F3A37CB003DB962 /* CameracameraTests */,
				A755B51E1F3A37CB003DB962 /* CameracameraUITests */,
				A755B4FA1F3A37CB003DB962 /* Products */,
				B61C7CCD149578CA06606F43 /* Pods */,
				E0156B76BB083F35B3F6EFC0 /* Frameworks */,
			);
			sourceTree = "<group>";
		};
		A755B4FA1F3A37CB003DB962 /* Products */ = {
			isa = PBXGroup;
			children = (
				A755B4F91F3A37CB003DB962 /* Cameracamera.app */,
				A755B5101F3A37CB003DB962 /* CameracameraTests.xctest */,
				A755B51B1F3A37CB003DB962 /* CameracameraUITests.xctest */,
			);
			name = Products;
			sourceTree = "<group>";
		};
		A755B4FB1F3A37CB003DB962 /* Cameracamera */ = {
			isa = PBXGroup;
			children = (
				A75EA54F1F50D35D004D42D1 /* Constants.swift */,
				A755B4FC1F3A37CB003DB962 /* AppDelegate.swift */,
				A725B2F91F48E09D0027B153 /* ViewController */,
				A725B2FA1F48E0A50027B153 /* ViewModel */,
				A725B2FB1F48E0AD0027B153 /* Model */,
				A755B5001F3A37CB003DB962 /* Main.storyboard */,
				A755B5061F3A37CB003DB962 /* Assets.xcassets */,
				A755B5081F3A37CB003DB962 /* LaunchScreen.storyboard */,
				A755B50B1F3A37CB003DB962 /* Info.plist */,
				A755B5031F3A37CB003DB962 /* Cameracamera.xcdatamodeld */,
			);
			path = Cameracamera;
			sourceTree = "<group>";
		};
		A755B5131F3A37CB003DB962 /* CameracameraTests */ = {
			isa = PBXGroup;
			children = (
				A755B5141F3A37CB003DB962 /* ViewControllerTests.swift */,
				A7B53C0F1F4F393300AE05E2 /* ViewModelTests.swift */,
				A755B5161F3A37CB003DB962 /* Info.plist */,
				A7B94C701F5CE970001F2D5D /* Mocks.swift */,
			);
			path = CameracameraTests;
			sourceTree = "<group>";
		};
		A755B51E1F3A37CB003DB962 /* CameracameraUITests */ = {
			isa = PBXGroup;
			children = (
				A755B51F1F3A37CB003DB962 /* CameracameraUITests.swift */,
				A755B5211F3A37CB003DB962 /* Info.plist */,
			);
			path = CameracameraUITests;
			sourceTree = "<group>";
		};
		B61C7CCD149578CA06606F43 /* Pods */ = {
			isa = PBXGroup;
			children = (
				91321786F397197D8E6FE6C5 /* Pods-Cameracamera.debug.xcconfig */,
				2418BA348F3829E61340BA44 /* Pods-Cameracamera.release.xcconfig */,
			);
			name = Pods;
			sourceTree = "<group>";
		};
		E0156B76BB083F35B3F6EFC0 /* Frameworks */ = {
			isa = PBXGroup;
			children = (
				A7B53C111F4F962800AE05E2 /* Bond.framework */,
				E30227C38ED37AD6D874CB78 /* Pods_Cameracamera.framework */,
			);
			name = Frameworks;
			sourceTree = "<group>";
		};
/* End PBXGroup section */

/* Begin PBXNativeTarget section */
		A755B4F81F3A37CB003DB962 /* Cameracamera */ = {
			isa = PBXNativeTarget;
			buildConfigurationList = A755B5241F3A37CB003DB962 /* Build configuration list for PBXNativeTarget "Cameracamera" */;
			buildPhases = (
				436D89430CE3FC2A0410BCF9 /* [CP] Check Pods Manifest.lock */,
				A755B4F51F3A37CB003DB962 /* Sources */,
				A755B4F61F3A37CB003DB962 /* Frameworks */,
				A755B4F71F3A37CB003DB962 /* Resources */,
				1DC70EB6FB1BFA56548F347B /* [CP] Embed Pods Frameworks */,
				2BE3438C82AE770BA8FB3216 /* [CP] Copy Pods Resources */,
			);
			buildRules = (
			);
			dependencies = (
			);
			name = Cameracamera;
			productName = Cameracamera;
			productReference = A755B4F91F3A37CB003DB962 /* Cameracamera.app */;
			productType = "com.apple.product-type.application";
		};
		A755B50F1F3A37CB003DB962 /* CameracameraTests */ = {
			isa = PBXNativeTarget;
			buildConfigurationList = A755B5271F3A37CB003DB962 /* Build configuration list for PBXNativeTarget "CameracameraTests" */;
			buildPhases = (
				A755B50C1F3A37CB003DB962 /* Sources */,
				A755B50D1F3A37CB003DB962 /* Frameworks */,
				A755B50E1F3A37CB003DB962 /* Resources */,
			);
			buildRules = (
			);
			dependencies = (
				A755B5121F3A37CB003DB962 /* PBXTargetDependency */,
			);
			name = CameracameraTests;
			productName = CameracameraTests;
			productReference = A755B5101F3A37CB003DB962 /* CameracameraTests.xctest */;
			productType = "com.apple.product-type.bundle.unit-test";
		};
		A755B51A1F3A37CB003DB962 /* CameracameraUITests */ = {
			isa = PBXNativeTarget;
			buildConfigurationList = A755B52A1F3A37CB003DB962 /* Build configuration list for PBXNativeTarget "CameracameraUITests" */;
			buildPhases = (
				A755B5171F3A37CB003DB962 /* Sources */,
				A755B5181F3A37CB003DB962 /* Frameworks */,
				A755B5191F3A37CB003DB962 /* Resources */,
			);
			buildRules = (
			);
			dependencies = (
				A755B51D1F3A37CB003DB962 /* PBXTargetDependency */,
			);
			name = CameracameraUITests;
			productName = CameracameraUITests;
			productReference = A755B51B1F3A37CB003DB962 /* CameracameraUITests.xctest */;
			productType = "com.apple.product-type.bundle.ui-testing";
		};
/* End PBXNativeTarget section */

/* Begin PBXProject section */
		A755B4F11F3A37CA003DB962 /* Project object */ = {
			isa = PBXProject;
			attributes = {
				LastSwiftUpdateCheck = 0830;
				LastUpgradeCheck = 0830;
				ORGANIZATIONNAME = "James Jongs";
				TargetAttributes = {
					A755B4F81F3A37CB003DB962 = {
						CreatedOnToolsVersion = 8.3.2;
						ProvisioningStyle = Automatic;
					};
					A755B50F1F3A37CB003DB962 = {
						CreatedOnToolsVersion = 8.3.2;
						DevelopmentTeam = 57N49ZFXV9;
						ProvisioningStyle = Automatic;
						TestTargetID = A755B4F81F3A37CB003DB962;
					};
					A755B51A1F3A37CB003DB962 = {
						CreatedOnToolsVersion = 8.3.2;
						DevelopmentTeam = 57N49ZFXV9;
						ProvisioningStyle = Automatic;
						TestTargetID = A755B4F81F3A37CB003DB962;
					};
				};
			};
			buildConfigurationList = A755B4F41F3A37CB003DB962 /* Build configuration list for PBXProject "Cameracamera" */;
			compatibilityVersion = "Xcode 8.0";
			developmentRegion = English;
			hasScannedForEncodings = 0;
			knownRegions = (
				en,
				Base,
			);
			mainGroup = A755B4F01F3A37CA003DB962;
			productRefGroup = A755B4FA1F3A37CB003DB962 /* Products */;
			projectDirPath = "";
			projectRoot = "";
			targets = (
				A755B4F81F3A37CB003DB962 /* Cameracamera */,
				A755B50F1F3A37CB003DB962 /* CameracameraTests */,
				A755B51A1F3A37CB003DB962 /* CameracameraUITests */,
			);
		};
/* End PBXProject section */

/* Begin PBXResourcesBuildPhase section */
		A755B4F71F3A37CB003DB962 /* Resources */ = {
			isa = PBXResourcesBuildPhase;
			buildActionMask = 2147483647;
			files = (
				A755B50A1F3A37CB003DB962 /* LaunchScreen.storyboard in Resources */,
				A755B5071F3A37CB003DB962 /* Assets.xcassets in Resources */,
				A755B5021F3A37CB003DB962 /* Main.storyboard in Resources */,
			);
			runOnlyForDeploymentPostprocessing = 0;
		};
		A755B50E1F3A37CB003DB962 /* Resources */ = {
			isa = PBXResourcesBuildPhase;
			buildActionMask = 2147483647;
			files = (
			);
			runOnlyForDeploymentPostprocessing = 0;
		};
		A755B5191F3A37CB003DB962 /* Resources */ = {
			isa = PBXResourcesBuildPhase;
			buildActionMask = 2147483647;
			files = (
			);
			runOnlyForDeploymentPostprocessing = 0;
		};
/* End PBXResourcesBuildPhase section */

/* Begin PBXShellScriptBuildPhase section */
		1DC70EB6FB1BFA56548F347B /* [CP] Embed Pods Frameworks */ = {
			isa = PBXShellScriptBuildPhase;
			buildActionMask = 2147483647;
			files = (
			);
			inputPaths = (
				"${SRCROOT}/Pods/Target Support Files/Pods-Cameracamera/Pods-Cameracamera-frameworks.sh",
				"${BUILT_PRODUCTS_DIR}/Alamofire/Alamofire.framework",
				"${BUILT_PRODUCTS_DIR}/Bond/Bond.framework",
				"${BUILT_PRODUCTS_DIR}/Diff/Diff.framework",
				"${BUILT_PRODUCTS_DIR}/ReactiveKit/ReactiveKit.framework",
				"${BUILT_PRODUCTS_DIR}/SwiftyBeaver/SwiftyBeaver.framework",
			);
			name = "[CP] Embed Pods Frameworks";
			outputPaths = (
				"${TARGET_BUILD_DIR}/${FRAMEWORKS_FOLDER_PATH}/Alamofire.framework",
				"${TARGET_BUILD_DIR}/${FRAMEWORKS_FOLDER_PATH}/Bond.framework",
				"${TARGET_BUILD_DIR}/${FRAMEWORKS_FOLDER_PATH}/Diff.framework",
				"${TARGET_BUILD_DIR}/${FRAMEWORKS_FOLDER_PATH}/ReactiveKit.framework",
				"${TARGET_BUILD_DIR}/${FRAMEWORKS_FOLDER_PATH}/SwiftyBeaver.framework",
			);
			runOnlyForDeploymentPostprocessing = 0;
			shellPath = /bin/sh;
			shellScript = "\"${SRCROOT}/Pods/Target Support Files/Pods-Cameracamera/Pods-Cameracamera-frameworks.sh\"\n";
			showEnvVarsInLog = 0;
		};
		2BE3438C82AE770BA8FB3216 /* [CP] Copy Pods Resources */ = {
			isa = PBXShellScriptBuildPhase;
			buildActionMask = 2147483647;
			files = (
			);
			inputPaths = (
			);
			name = "[CP] Copy Pods Resources";
			outputPaths = (
			);
			runOnlyForDeploymentPostprocessing = 0;
			shellPath = /bin/sh;
			shellScript = "\"${SRCROOT}/Pods/Target Support Files/Pods-Cameracamera/Pods-Cameracamera-resources.sh\"\n";
			showEnvVarsInLog = 0;
		};
		436D89430CE3FC2A0410BCF9 /* [CP] Check Pods Manifest.lock */ = {
			isa = PBXShellScriptBuildPhase;
			buildActionMask = 2147483647;
			files = (
			);
			inputPaths = (
				"${PODS_PODFILE_DIR_PATH}/Podfile.lock",
				"${PODS_ROOT}/Manifest.lock",
			);
			name = "[CP] Check Pods Manifest.lock";
			outputPaths = (
				"$(DERIVED_FILE_DIR)/Pods-Cameracamera-checkManifestLockResult.txt",
			);
			runOnlyForDeploymentPostprocessing = 0;
			shellPath = /bin/sh;
			shellScript = "diff \"${PODS_PODFILE_DIR_PATH}/Podfile.lock\" \"${PODS_ROOT}/Manifest.lock\" > /dev/null\nif [ $? != 0 ] ; then\n    # print error to STDERR\n    echo \"error: The sandbox is not in sync with the Podfile.lock. Run 'pod install' or update your CocoaPods installation.\" >&2\n    exit 1\nfi\n# This output is used by Xcode 'outputs' to avoid re-running this script phase.\necho \"SUCCESS\" > \"${SCRIPT_OUTPUT_FILE_0}\"\n";
			showEnvVarsInLog = 0;
		};
/* End PBXShellScriptBuildPhase section */

/* Begin PBXSourcesBuildPhase section */
		A755B4F51F3A37CB003DB962 /* Sources */ = {
			isa = PBXSourcesBuildPhase;
			buildActionMask = 2147483647;
			files = (
				A725B2FD1F4A7A910027B153 /* AlertWindow.swift in Sources */,
				A71853981F4FB5C7006269CC /* ModelInteractionsProtocol.swift in Sources */,
				A724E8141F425B30001649CA /* ViewModel.swift in Sources */,
				A755B4FF1F3A37CB003DB962 /* ViewController.swift in Sources */,
				A74698791F5BAA1200DB18A3 /* AVCapturePreviewProtocols.swift in Sources */,
				A755B5051F3A37CB003DB962 /* Cameracamera.xcdatamodeld in Sources */,
				A75EA5501F50D35D004D42D1 /* Constants.swift in Sources */,
				A7DD42D81F5886BC00E97073 /* DetectedObjectOutline.swift in Sources */,
				A755B4FD1F3A37CB003DB962 /* AppDelegate.swift in Sources */,
				A76ED2AA1F3BC07B00C2446A /* Model.swift in Sources */,
				A718539A1F4FB5FD006269CC /* ViewModelInteractionsProtocol.swift in Sources */,
			);
			runOnlyForDeploymentPostprocessing = 0;
		};
		A755B50C1F3A37CB003DB962 /* Sources */ = {
			isa = PBXSourcesBuildPhase;
			buildActionMask = 2147483647;
			files = (
				A7B53C101F4F393300AE05E2 /* ViewModelTests.swift in Sources */,
				A755B5151F3A37CB003DB962 /* ViewControllerTests.swift in Sources */,
				A7B94C711F5CE970001F2D5D /* Mocks.swift in Sources */,
			);
			runOnlyForDeploymentPostprocessing = 0;
		};
		A755B5171F3A37CB003DB962 /* Sources */ = {
			isa = PBXSourcesBuildPhase;
			buildActionMask = 2147483647;
			files = (
				A755B5201F3A37CB003DB962 /* CameracameraUITests.swift in Sources */,
			);
			runOnlyForDeploymentPostprocessing = 0;
		};
/* End PBXSourcesBuildPhase section */

/* Begin PBXTargetDependency section */
		A755B5121F3A37CB003DB962 /* PBXTargetDependency */ = {
			isa = PBXTargetDependency;
			target = A755B4F81F3A37CB003DB962 /* Cameracamera */;
			targetProxy = A755B5111F3A37CB003DB962 /* PBXContainerItemProxy */;
		};
		A755B51D1F3A37CB003DB962 /* PBXTargetDependency */ = {
			isa = PBXTargetDependency;
			target = A755B4F81F3A37CB003DB962 /* Cameracamera */;
			targetProxy = A755B51C1F3A37CB003DB962 /* PBXContainerItemProxy */;
		};
/* End PBXTargetDependency section */

/* Begin PBXVariantGroup section */
		A755B5001F3A37CB003DB962 /* Main.storyboard */ = {
			isa = PBXVariantGroup;
			children = (
				A755B5011F3A37CB003DB962 /* Base */,
			);
			name = Main.storyboard;
			sourceTree = "<group>";
		};
		A755B5081F3A37CB003DB962 /* LaunchScreen.storyboard */ = {
			isa = PBXVariantGroup;
			children = (
				A755B5091F3A37CB003DB962 /* Base */,
			);
			name = LaunchScreen.storyboard;
			sourceTree = "<group>";
		};
/* End PBXVariantGroup section */

/* Begin XCBuildConfiguration section */
		A755B5221F3A37CB003DB962 /* Debug */ = {
			isa = XCBuildConfiguration;
			buildSettings = {
				ALWAYS_SEARCH_USER_PATHS = NO;
				CLANG_ANALYZER_NONNULL = YES;
				CLANG_ANALYZER_NUMBER_OBJECT_CONVERSION = YES_AGGRESSIVE;
				CLANG_CXX_LANGUAGE_STANDARD = "gnu++0x";
				CLANG_CXX_LIBRARY = "libc++";
				CLANG_ENABLE_MODULES = YES;
				CLANG_ENABLE_OBJC_ARC = YES;
				CLANG_WARN_BOOL_CONVERSION = YES;
				CLANG_WARN_CONSTANT_CONVERSION = YES;
				CLANG_WARN_DIRECT_OBJC_ISA_USAGE = YES_ERROR;
				CLANG_WARN_DOCUMENTATION_COMMENTS = YES;
				CLANG_WARN_EMPTY_BODY = YES;
				CLANG_WARN_ENUM_CONVERSION = YES;
				CLANG_WARN_INFINITE_RECURSION = YES;
				CLANG_WARN_INT_CONVERSION = YES;
				CLANG_WARN_OBJC_ROOT_CLASS = YES_ERROR;
				CLANG_WARN_SUSPICIOUS_MOVE = YES;
				CLANG_WARN_UNREACHABLE_CODE = YES;
				CLANG_WARN__DUPLICATE_METHOD_MATCH = YES;
				"CODE_SIGN_IDENTITY[sdk=iphoneos*]" = "iPhone Developer";
				COPY_PHASE_STRIP = NO;
				DEBUG_INFORMATION_FORMAT = dwarf;
				ENABLE_STRICT_OBJC_MSGSEND = YES;
				ENABLE_TESTABILITY = YES;
				GCC_C_LANGUAGE_STANDARD = gnu99;
				GCC_DYNAMIC_NO_PIC = NO;
				GCC_NO_COMMON_BLOCKS = YES;
				GCC_OPTIMIZATION_LEVEL = 0;
				GCC_PREPROCESSOR_DEFINITIONS = (
					"DEBUG=1",
					"$(inherited)",
				);
				GCC_WARN_64_TO_32_BIT_CONVERSION = YES;
				GCC_WARN_ABOUT_RETURN_TYPE = YES_ERROR;
				GCC_WARN_UNDECLARED_SELECTOR = YES;
				GCC_WARN_UNINITIALIZED_AUTOS = YES_AGGRESSIVE;
				GCC_WARN_UNUSED_FUNCTION = YES;
				GCC_WARN_UNUSED_VARIABLE = YES;
				IPHONEOS_DEPLOYMENT_TARGET = 10.3;
				MTL_ENABLE_DEBUG_INFO = YES;
				ONLY_ACTIVE_ARCH = YES;
				OTHER_SWIFT_FLAGS = "-DDEBUG";
				SDKROOT = iphoneos;
				SWIFT_ACTIVE_COMPILATION_CONDITIONS = DEBUG;
				SWIFT_OPTIMIZATION_LEVEL = "-Onone";
				TARGETED_DEVICE_FAMILY = "1,2";
			};
			name = Debug;
		};
		A755B5231F3A37CB003DB962 /* Release */ = {
			isa = XCBuildConfiguration;
			buildSettings = {
				ALWAYS_SEARCH_USER_PATHS = NO;
				CLANG_ANALYZER_NONNULL = YES;
				CLANG_ANALYZER_NUMBER_OBJECT_CONVERSION = YES_AGGRESSIVE;
				CLANG_CXX_LANGUAGE_STANDARD = "gnu++0x";
				CLANG_CXX_LIBRARY = "libc++";
				CLANG_ENABLE_MODULES = YES;
				CLANG_ENABLE_OBJC_ARC = YES;
				CLANG_WARN_BOOL_CONVERSION = YES;
				CLANG_WARN_CONSTANT_CONVERSION = YES;
				CLANG_WARN_DIRECT_OBJC_ISA_USAGE = YES_ERROR;
				CLANG_WARN_DOCUMENTATION_COMMENTS = YES;
				CLANG_WARN_EMPTY_BODY = YES;
				CLANG_WARN_ENUM_CONVERSION = YES;
				CLANG_WARN_INFINITE_RECURSION = YES;
				CLANG_WARN_INT_CONVERSION = YES;
				CLANG_WARN_OBJC_ROOT_CLASS = YES_ERROR;
				CLANG_WARN_SUSPICIOUS_MOVE = YES;
				CLANG_WARN_UNREACHABLE_CODE = YES;
				CLANG_WARN__DUPLICATE_METHOD_MATCH = YES;
				"CODE_SIGN_IDENTITY[sdk=iphoneos*]" = "iPhone Developer";
				COPY_PHASE_STRIP = NO;
				DEBUG_INFORMATION_FORMAT = "dwarf-with-dsym";
				ENABLE_NS_ASSERTIONS = NO;
				ENABLE_STRICT_OBJC_MSGSEND = YES;
				GCC_C_LANGUAGE_STANDARD = gnu99;
				GCC_NO_COMMON_BLOCKS = YES;
				GCC_WARN_64_TO_32_BIT_CONVERSION = YES;
				GCC_WARN_ABOUT_RETURN_TYPE = YES_ERROR;
				GCC_WARN_UNDECLARED_SELECTOR = YES;
				GCC_WARN_UNINITIALIZED_AUTOS = YES_AGGRESSIVE;
				GCC_WARN_UNUSED_FUNCTION = YES;
				GCC_WARN_UNUSED_VARIABLE = YES;
				IPHONEOS_DEPLOYMENT_TARGET = 10.3;
				MTL_ENABLE_DEBUG_INFO = NO;
				OTHER_SWIFT_FLAGS = "-DDEBUG";
				SDKROOT = iphoneos;
				SWIFT_OPTIMIZATION_LEVEL = "-Owholemodule";
				TARGETED_DEVICE_FAMILY = "1,2";
				VALIDATE_PRODUCT = YES;
				"VALID_ARCHS[sdk=*]" = "";
			};
			name = Release;
		};
		A755B5251F3A37CB003DB962 /* Debug */ = {
			isa = XCBuildConfiguration;
			baseConfigurationReference = 91321786F397197D8E6FE6C5 /* Pods-Cameracamera.debug.xcconfig */;
			buildSettings = {
				ASSETCATALOG_COMPILER_APPICON_NAME = AppIcon;
				"CODE_SIGN_IDENTITY[sdk=iphoneos*]" = "iPhone Developer";
				DEFINES_MODULE = YES;
				DEVELOPMENT_TEAM = 57N49ZFXV9;
				FRAMEWORK_SEARCH_PATHS = (
					"$(inherited)",
					"$(PROJECT_DIR)/DerivedData/Cameracamera/Build/Products/Debug-iphoneos/Bond",
				);
				INFOPLIST_FILE = Cameracamera/Info.plist;
				LD_RUNPATH_SEARCH_PATHS = "$(inherited) @executable_path/Frameworks";
				PRODUCT_BUNDLE_IDENTIFIER = JamesJongs.Cameracamera;
				PRODUCT_NAME = "$(TARGET_NAME)";
				PROVISIONING_PROFILE_SPECIFIER = "";
				SWIFT_VERSION = 3.0;
			};
			name = Debug;
		};
		A755B5261F3A37CB003DB962 /* Release */ = {
			isa = XCBuildConfiguration;
			baseConfigurationReference = 2418BA348F3829E61340BA44 /* Pods-Cameracamera.release.xcconfig */;
			buildSettings = {
				ASSETCATALOG_COMPILER_APPICON_NAME = AppIcon;
				"CODE_SIGN_IDENTITY[sdk=iphoneos*]" = "iPhone Developer";
				DEFINES_MODULE = YES;
				DEVELOPMENT_TEAM = 57N49ZFXV9;
				FRAMEWORK_SEARCH_PATHS = (
					"$(inherited)",
					"$(PROJECT_DIR)/DerivedData/Cameracamera/Build/Products/Debug-iphoneos/Bond",
				);
				INFOPLIST_FILE = Cameracamera/Info.plist;
				LD_RUNPATH_SEARCH_PATHS = "$(inherited) @executable_path/Frameworks";
				PRODUCT_BUNDLE_IDENTIFIER = JamesJongs.Cameracamera;
				PRODUCT_NAME = "$(TARGET_NAME)";
				PROVISIONING_PROFILE_SPECIFIER = "";
				SWIFT_VERSION = 3.0;
				"VALID_ARCHS[sdk=*]" = "arm64 armv7 armv7s";
			};
			name = Release;
		};
		A755B5281F3A37CB003DB962 /* Debug */ = {
			isa = XCBuildConfiguration;
			baseConfigurationReference = 91321786F397197D8E6FE6C5 /* Pods-Cameracamera.debug.xcconfig */;
			buildSettings = {
				ALWAYS_EMBED_SWIFT_STANDARD_LIBRARIES = YES;
				BUNDLE_LOADER = "$(TEST_HOST)";
				DEVELOPMENT_TEAM = 57N49ZFXV9;
				FRAMEWORK_SEARCH_PATHS = (
					"$(inherited)",
					"$(PROJECT_DIR)/DerivedData/Cameracamera/Build/Products/Debug-iphoneos/Bond",
				);
				INFOPLIST_FILE = CameracameraTests/Info.plist;
				LD_RUNPATH_SEARCH_PATHS = "$(inherited) @executable_path/Frameworks @loader_path/Frameworks";
				PRODUCT_BUNDLE_IDENTIFIER = JamesJongs.CameracameraTests;
				PRODUCT_NAME = "$(TARGET_NAME)";
				SWIFT_VERSION = 3.0;
				TEST_HOST = "$(BUILT_PRODUCTS_DIR)/Cameracamera.app/Cameracamera";
			};
			name = Debug;
		};
		A755B5291F3A37CB003DB962 /* Release */ = {
			isa = XCBuildConfiguration;
			buildSettings = {
				ALWAYS_EMBED_SWIFT_STANDARD_LIBRARIES = YES;
				BUNDLE_LOADER = "$(TEST_HOST)";
				DEVELOPMENT_TEAM = 57N49ZFXV9;
				FRAMEWORK_SEARCH_PATHS = (
					"$(inherited)",
					"$(PROJECT_DIR)/DerivedData/Cameracamera/Build/Products/Debug-iphoneos/Bond",
				);
				INFOPLIST_FILE = CameracameraTests/Info.plist;
				LD_RUNPATH_SEARCH_PATHS = "$(inherited) @executable_path/Frameworks @loader_path/Frameworks";
				PRODUCT_BUNDLE_IDENTIFIER = JamesJongs.CameracameraTests;
				PRODUCT_NAME = "$(TARGET_NAME)";
				SWIFT_VERSION = 3.0;
				TEST_HOST = "$(BUILT_PRODUCTS_DIR)/Cameracamera.app/Cameracamera";
			};
			name = Release;
		};
		A755B52B1F3A37CB003DB962 /* Debug */ = {
			isa = XCBuildConfiguration;
			buildSettings = {
				ALWAYS_EMBED_SWIFT_STANDARD_LIBRARIES = YES;
				DEVELOPMENT_TEAM = 57N49ZFXV9;
				INFOPLIST_FILE = CameracameraUITests/Info.plist;
				LD_RUNPATH_SEARCH_PATHS = "$(inherited) @executable_path/Frameworks @loader_path/Frameworks";
				PRODUCT_BUNDLE_IDENTIFIER = JamesJongs.CameracameraUITests;
				PRODUCT_NAME = "$(TARGET_NAME)";
				SWIFT_VERSION = 3.0;
				TEST_TARGET_NAME = Cameracamera;
			};
			name = Debug;
		};
		A755B52C1F3A37CB003DB962 /* Release */ = {
			isa = XCBuildConfiguration;
			buildSettings = {
				ALWAYS_EMBED_SWIFT_STANDARD_LIBRARIES = YES;
				DEVELOPMENT_TEAM = 57N49ZFXV9;
				INFOPLIST_FILE = CameracameraUITests/Info.plist;
				LD_RUNPATH_SEARCH_PATHS = "$(inherited) @executable_path/Frameworks @loader_path/Frameworks";
				PRODUCT_BUNDLE_IDENTIFIER = JamesJongs.CameracameraUITests;
				PRODUCT_NAME = "$(TARGET_NAME)";
				SWIFT_VERSION = 3.0;
				TEST_TARGET_NAME = Cameracamera;
			};
			name = Release;
		};
/* End XCBuildConfiguration section */

/* Begin XCConfigurationList section */
		A755B4F41F3A37CB003DB962 /* Build configuration list for PBXProject "Cameracamera" */ = {
			isa = XCConfigurationList;
			buildConfigurations = (
				A755B5221F3A37CB003DB962 /* Debug */,
				A755B5231F3A37CB003DB962 /* Release */,
			);
			defaultConfigurationIsVisible = 0;
			defaultConfigurationName = Release;
		};
		A755B5241F3A37CB003DB962 /* Build configuration list for PBXNativeTarget "Cameracamera" */ = {
			isa = XCConfigurationList;
			buildConfigurations = (
				A755B5251F3A37CB003DB962 /* Debug */,
				A755B5261F3A37CB003DB962 /* Release */,
			);
			defaultConfigurationIsVisible = 0;
			defaultConfigurationName = Release;
		};
		A755B5271F3A37CB003DB962 /* Build configuration list for PBXNativeTarget "CameracameraTests" */ = {
			isa = XCConfigurationList;
			buildConfigurations = (
				A755B5281F3A37CB003DB962 /* Debug */,
				A755B5291F3A37CB003DB962 /* Release */,
			);
			defaultConfigurationIsVisible = 0;
			defaultConfigurationName = Release;
		};
		A755B52A1F3A37CB003DB962 /* Build configuration list for PBXNativeTarget "CameracameraUITests" */ = {
			isa = XCConfigurationList;
			buildConfigurations = (
				A755B52B1F3A37CB003DB962 /* Debug */,
				A755B52C1F3A37CB003DB962 /* Release */,
			);
			defaultConfigurationIsVisible = 0;
			defaultConfigurationName = Release;
		};
/* End XCConfigurationList section */

/* Begin XCVersionGroup section */
		A755B5031F3A37CB003DB962 /* Cameracamera.xcdatamodeld */ = {
			isa = XCVersionGroup;
			children = (
				A755B5041F3A37CB003DB962 /* Cameracamera.xcdatamodel */,
			);
			currentVersion = A755B5041F3A37CB003DB962 /* Cameracamera.xcdatamodel */;
			path = Cameracamera.xcdatamodeld;
			sourceTree = "<group>";
			versionGroupType = wrapper.xcdatamodel;
		};
/* End XCVersionGroup section */
	};
	rootObject = A755B4F11F3A37CA003DB962 /* Project object */;
}
